
Microsoft Visual Studio Solution File, Format Version 12.00
# Visual Studio Version 16
VisualStudioVersion = 16.0.32630.194
MinimumVisualStudioVersion = 10.0.40219.1
Project("{2150E333-8FDC-42A3-9474-1A3956D46DE8}") = "src", "src", "{6A5A6C2D-85D7-459F-99E7-40CD2933BB68}"
EndProject
Project("{2150E333-8FDC-42A3-9474-1A3956D46DE8}") = "Solution Items", "Solution Items", "{AEBC36CC-3E9F-4365-83AA-BCA8217513E8}"
	ProjectSection(SolutionItems) = preProject
		.gitignore = .gitignore
	EndProjectSection
EndProject
Project("{9A19103F-16F7-4668-BE54-9A1E7A4F7556}") = "Builder_Sample", "Builder_Sample\Builder_Sample.csproj", "{0D9385B7-6055-4FD0-97C5-419D80E3B385}"
EndProject
Project("{9A19103F-16F7-4668-BE54-9A1E7A4F7556}") = "CQRS_Sample", "CQRS_Sample\CQRS_Sample.csproj", "{4BF84FC9-5B80-459D-BCF9-9617FCAF0D70}"
EndProject
Project("{9A19103F-16F7-4668-BE54-9A1E7A4F7556}") = "Singleton_Sample", "Singleton_Sample\Singleton_Sample.csproj", "{B74744ED-B609-4BBF-870B-9DE4F60F76B0}"
EndProject
Project("{9A19103F-16F7-4668-BE54-9A1E7A4F7556}") = "AbstractFactory_Sample", "AbstractFactory_Sample\AbstractFactory_Sample.csproj", "{A408CC54-7186-442C-A35C-ADBB5F3AAB8A}"
EndProject
Project("{9A19103F-16F7-4668-BE54-9A1E7A4F7556}") = "AnonymousTypeAndDynamic_Sample", "AnonymousTypeAndDynamic_Sample\AnonymousTypeAndDynamic_Sample.csproj", "{F297D81F-4BEE-43A4-B15D-ECB0F7E09723}"
EndProject
Project("{FAE04EC0-301F-11D3-BF4B-00C04F79EFBC}") = "Adapter_Sample", "Adapter_Sample\Adapter_Sample.csproj", "{C0922BD7-CCB8-4ED5-9F66-0AAF5361346B}"
EndProject
Global
	GlobalSection(SolutionConfigurationPlatforms) = preSolution
		Debug|Any CPU = Debug|Any CPU
		Release|Any CPU = Release|Any CPU
	EndGlobalSection
	GlobalSection(ProjectConfigurationPlatforms) = postSolution
		{0D9385B7-6055-4FD0-97C5-419D80E3B385}.Debug|Any CPU.ActiveCfg = Debug|Any CPU
		{0D9385B7-6055-4FD0-97C5-419D80E3B385}.Debug|Any CPU.Build.0 = Debug|Any CPU
		{0D9385B7-6055-4FD0-97C5-419D80E3B385}.Release|Any CPU.ActiveCfg = Release|Any CPU
		{0D9385B7-6055-4FD0-97C5-419D80E3B385}.Release|Any CPU.Build.0 = Release|Any CPU
		{4BF84FC9-5B80-459D-BCF9-9617FCAF0D70}.Debug|Any CPU.ActiveCfg = Debug|Any CPU
		{4BF84FC9-5B80-459D-BCF9-9617FCAF0D70}.Debug|Any CPU.Build.0 = Debug|Any CPU
		{4BF84FC9-5B80-459D-BCF9-9617FCAF0D70}.Release|Any CPU.ActiveCfg = Release|Any CPU
		{4BF84FC9-5B80-459D-BCF9-9617FCAF0D70}.Release|Any CPU.Build.0 = Release|Any CPU
		{B74744ED-B609-4BBF-870B-9DE4F60F76B0}.Debug|Any CPU.ActiveCfg = Debug|Any CPU
		{B74744ED-B609-4BBF-870B-9DE4F60F76B0}.Debug|Any CPU.Build.0 = Debug|Any CPU
		{B74744ED-B609-4BBF-870B-9DE4F60F76B0}.Release|Any CPU.ActiveCfg = Release|Any CPU
		{B74744ED-B609-4BBF-870B-9DE4F60F76B0}.Release|Any CPU.Build.0 = Release|Any CPU
		{A408CC54-7186-442C-A35C-ADBB5F3AAB8A}.Debug|Any CPU.ActiveCfg = Debug|Any CPU
		{A408CC54-7186-442C-A35C-ADBB5F3AAB8A}.Debug|Any CPU.Build.0 = Debug|Any CPU
		{A408CC54-7186-442C-A35C-ADBB5F3AAB8A}.Release|Any CPU.ActiveCfg = Release|Any CPU
		{A408CC54-7186-442C-A35C-ADBB5F3AAB8A}.Release|Any CPU.Build.0 = Release|Any CPU
		{F297D81F-4BEE-43A4-B15D-ECB0F7E09723}.Debug|Any CPU.ActiveCfg = Debug|Any CPU
		{F297D81F-4BEE-43A4-B15D-ECB0F7E09723}.Debug|Any CPU.Build.0 = Debug|Any CPU
		{F297D81F-4BEE-43A4-B15D-ECB0F7E09723}.Release|Any CPU.ActiveCfg = Release|Any CPU
		{F297D81F-4BEE-43A4-B15D-ECB0F7E09723}.Release|Any CPU.Build.0 = Release|Any CPU
		{C0922BD7-CCB8-4ED5-9F66-0AAF5361346B}.Debug|Any CPU.ActiveCfg = Debug|Any CPU
		{C0922BD7-CCB8-4ED5-9F66-0AAF5361346B}.Debug|Any CPU.Build.0 = Debug|Any CPU
		{C0922BD7-CCB8-4ED5-9F66-0AAF5361346B}.Release|Any CPU.ActiveCfg = Release|Any CPU
		{C0922BD7-CCB8-4ED5-9F66-0AAF5361346B}.Release|Any CPU.Build.0 = Release|Any CPU
	EndGlobalSection
	GlobalSection(SolutionProperties) = preSolution
		HideSolutionNode = FALSE
	EndGlobalSection
	GlobalSection(NestedProjects) = preSolution
		{0D9385B7-6055-4FD0-97C5-419D80E3B385} = {6A5A6C2D-85D7-459F-99E7-40CD2933BB68}
		{4BF84FC9-5B80-459D-BCF9-9617FCAF0D70} = {6A5A6C2D-85D7-459F-99E7-40CD2933BB68}
		{B74744ED-B609-4BBF-870B-9DE4F60F76B0} = {6A5A6C2D-85D7-459F-99E7-40CD2933BB68}
		{A408CC54-7186-442C-A35C-ADBB5F3AAB8A} = {6A5A6C2D-85D7-459F-99E7-40CD2933BB68}
		{F297D81F-4BEE-43A4-B15D-ECB0F7E09723} = {6A5A6C2D-85D7-459F-99E7-40CD2933BB68}
		{C0922BD7-CCB8-4ED5-9F66-0AAF5361346B} = {6A5A6C2D-85D7-459F-99E7-40CD2933BB68}
	EndGlobalSection
	GlobalSection(ExtensibilityGlobals) = postSolution
		SolutionGuid = {68ED1CC7-D6CB-4D16-A77D-3FD43013152C}
	EndGlobalSection
EndGlobal
