
Microsoft Visual Studio Solution File, Format Version 12.00
# Visual Studio Version 16
VisualStudioVersion = 16.0.32630.194
MinimumVisualStudioVersion = 10.0.40219.1
Project("{2150E333-8FDC-42A3-9474-1A3956D46DE8}") = "src", "src", "{6A5A6C2D-85D7-459F-99E7-40CD2933BB68}"
EndProject
Project("{2150E333-8FDC-42A3-9474-1A3956D46DE8}") = "Solution Items", "Solution Items", "{AEBC36CC-3E9F-4365-83AA-BCA8217513E8}"
	ProjectSection(SolutionItems) = preProject
		.gitignore = .gitignore
	EndProjectSection
EndProject
Project("{FAE04EC0-301F-11D3-BF4B-00C04F79EFBC}") = "Builder_Sample", "Builder_Sample\Builder_Sample.csproj", "{0D9385B7-6055-4FD0-97C5-419D80E3B385}"
EndProject
Project("{FAE04EC0-301F-11D3-BF4B-00C04F79EFBC}") = "CQRS_Sample", "CQRS_Sample\CQRS_Sample.csproj", "{4BF84FC9-5B80-459D-BCF9-9617FCAF0D70}"
EndProject
Global
	GlobalSection(SolutionConfigurationPlatforms) = preSolution
		Debug|Any CPU = Debug|Any CPU
		Release|Any CPU = Release|Any CPU
	EndGlobalSection
	GlobalSection(ProjectConfigurationPlatforms) = postSolution
		{0D9385B7-6055-4FD0-97C5-419D80E3B385}.Debug|Any CPU.ActiveCfg = Debug|Any CPU
		{0D9385B7-6055-4FD0-97C5-419D80E3B385}.Debug|Any CPU.Build.0 = Debug|Any CPU
		{0D9385B7-6055-4FD0-97C5-419D80E3B385}.Release|Any CPU.ActiveCfg = Release|Any CPU
		{0D9385B7-6055-4FD0-97C5-419D80E3B385}.Release|Any CPU.Build.0 = Release|Any CPU
		{4BF84FC9-5B80-459D-BCF9-9617FCAF0D70}.Debug|Any CPU.ActiveCfg = Debug|Any CPU
		{4BF84FC9-5B80-459D-BCF9-9617FCAF0D70}.Debug|Any CPU.Build.0 = Debug|Any CPU
		{4BF84FC9-5B80-459D-BCF9-9617FCAF0D70}.Release|Any CPU.ActiveCfg = Release|Any CPU
		{4BF84FC9-5B80-459D-BCF9-9617FCAF0D70}.Release|Any CPU.Build.0 = Release|Any CPU
	EndGlobalSection
	GlobalSection(SolutionProperties) = preSolution
		HideSolutionNode = FALSE
	EndGlobalSection
	GlobalSection(NestedProjects) = preSolution
		{0D9385B7-6055-4FD0-97C5-419D80E3B385} = {6A5A6C2D-85D7-459F-99E7-40CD2933BB68}
		{4BF84FC9-5B80-459D-BCF9-9617FCAF0D70} = {6A5A6C2D-85D7-459F-99E7-40CD2933BB68}
	EndGlobalSection
	GlobalSection(ExtensibilityGlobals) = postSolution
		SolutionGuid = {68ED1CC7-D6CB-4D16-A77D-3FD43013152C}
	EndGlobalSection
EndGlobal
